
Microsoft Visual Studio Solution File, Format Version 12.00
# Visual Studio Version 17
VisualStudioVersion = 17.11.35327.3
MinimumVisualStudioVersion = 10.0.40219.1
Project("{FAE04EC0-301F-11D3-BF4B-00C04F79EFBC}") = "DataLayer", "DataLayer\DataLayer.csproj", "{49371295-10CD-4DE8-8B3B-5F0FAC9E973D}"
EndProject
Project("{FAE04EC0-301F-11D3-BF4B-00C04F79EFBC}") = "BusinessLayer", "BusinessLayer\BusinessLayer.csproj", "{D57DA214-677D-43EC-BEB0-096E899CF84F}"
EndProject
Project("{FAE04EC0-301F-11D3-BF4B-00C04F79EFBC}") = "QLNHANSU", "QLNHANSU\QLNHANSU.csproj", "{AEC42767-24D0-46BA-BE87-0A9789259C40}"
EndProject
Global
	GlobalSection(SolutionConfigurationPlatforms) = preSolution
		Debug|Any CPU = Debug|Any CPU
		Release|Any CPU = Release|Any CPU
	EndGlobalSection
	GlobalSection(ProjectConfigurationPlatforms) = postSolution
		{49371295-10CD-4DE8-8B3B-5F0FAC9E973D}.Debug|Any CPU.ActiveCfg = Debug|Any CPU
		{49371295-10CD-4DE8-8B3B-5F0FAC9E973D}.Debug|Any CPU.Build.0 = Debug|Any CPU
		{49371295-10CD-4DE8-8B3B-5F0FAC9E973D}.Release|Any CPU.ActiveCfg = Release|Any CPU
		{49371295-10CD-4DE8-8B3B-5F0FAC9E973D}.Release|Any CPU.Build.0 = Release|Any CPU
		{D57DA214-677D-43EC-BEB0-096E899CF84F}.Debug|Any CPU.ActiveCfg = Debug|Any CPU
		{D57DA214-677D-43EC-BEB0-096E899CF84F}.Debug|Any CPU.Build.0 = Debug|Any CPU
		{D57DA214-677D-43EC-BEB0-096E899CF84F}.Release|Any CPU.ActiveCfg = Release|Any CPU
		{D57DA214-677D-43EC-BEB0-096E899CF84F}.Release|Any CPU.Build.0 = Release|Any CPU
		{AEC42767-24D0-46BA-BE87-0A9789259C40}.Debug|Any CPU.ActiveCfg = Debug|Any CPU
		{AEC42767-24D0-46BA-BE87-0A9789259C40}.Debug|Any CPU.Build.0 = Debug|Any CPU
		{AEC42767-24D0-46BA-BE87-0A9789259C40}.Release|Any CPU.ActiveCfg = Release|Any CPU
		{AEC42767-24D0-46BA-BE87-0A9789259C40}.Release|Any CPU.Build.0 = Release|Any CPU
	EndGlobalSection
	GlobalSection(SolutionProperties) = preSolution
		HideSolutionNode = FALSE
	EndGlobalSection
	GlobalSection(ExtensibilityGlobals) = postSolution
		SolutionGuid = {4F1444FD-8C92-4C9E-B679-E0F3BF3356EE}
	EndGlobalSection
EndGlobal
